
Microsoft Visual Studio Solution File, Format Version 12.00
# Visual Studio Version 17
VisualStudioVersion = 17.10.34916.146
MinimumVisualStudioVersion = 10.0.40219.1
Project("{FAE04EC0-301F-11D3-BF4B-00C04F79EFBC}") = "FileReaderAPI", "FileReaderAPI\FileReaderAPI.csproj", "{9BE7C6CD-F6BA-4FE7-BA6F-3316DD8C6902}"
EndProject
Project("{FAE04EC0-301F-11D3-BF4B-00C04F79EFBC}") = "Database", "Database\Database.csproj", "{F3CCC08D-2EC5-467F-A333-DF6DEC5971C4}"
EndProject
Project("{2150E333-8FDC-42A3-9474-1A3956D46DE8}") = "Tests", "Tests", "{D67879E9-FC82-425B-A307-775F9CE717D1}"
EndProject
Project("{FAE04EC0-301F-11D3-BF4B-00C04F79EFBC}") = "DatabaseTests", "FileReaderAPIIntegrationTests\DatabaseTests.csproj", "{43ACB289-D280-46CE-9070-74B3843E4536}"
EndProject
Global
	GlobalSection(SolutionConfigurationPlatforms) = preSolution
		Debug|Any CPU = Debug|Any CPU
		Release|Any CPU = Release|Any CPU
	EndGlobalSection
	GlobalSection(ProjectConfigurationPlatforms) = postSolution
		{9BE7C6CD-F6BA-4FE7-BA6F-3316DD8C6902}.Debug|Any CPU.ActiveCfg = Debug|Any CPU
		{9BE7C6CD-F6BA-4FE7-BA6F-3316DD8C6902}.Debug|Any CPU.Build.0 = Debug|Any CPU
		{9BE7C6CD-F6BA-4FE7-BA6F-3316DD8C6902}.Release|Any CPU.ActiveCfg = Release|Any CPU
		{9BE7C6CD-F6BA-4FE7-BA6F-3316DD8C6902}.Release|Any CPU.Build.0 = Release|Any CPU
		{F3CCC08D-2EC5-467F-A333-DF6DEC5971C4}.Debug|Any CPU.ActiveCfg = Debug|Any CPU
		{F3CCC08D-2EC5-467F-A333-DF6DEC5971C4}.Debug|Any CPU.Build.0 = Debug|Any CPU
		{F3CCC08D-2EC5-467F-A333-DF6DEC5971C4}.Release|Any CPU.ActiveCfg = Release|Any CPU
		{F3CCC08D-2EC5-467F-A333-DF6DEC5971C4}.Release|Any CPU.Build.0 = Release|Any CPU
		{43ACB289-D280-46CE-9070-74B3843E4536}.Debug|Any CPU.ActiveCfg = Debug|Any CPU
		{43ACB289-D280-46CE-9070-74B3843E4536}.Debug|Any CPU.Build.0 = Debug|Any CPU
		{43ACB289-D280-46CE-9070-74B3843E4536}.Release|Any CPU.ActiveCfg = Release|Any CPU
		{43ACB289-D280-46CE-9070-74B3843E4536}.Release|Any CPU.Build.0 = Release|Any CPU
	EndGlobalSection
	GlobalSection(SolutionProperties) = preSolution
		HideSolutionNode = FALSE
	EndGlobalSection
	GlobalSection(NestedProjects) = preSolution
		{43ACB289-D280-46CE-9070-74B3843E4536} = {D67879E9-FC82-425B-A307-775F9CE717D1}
	EndGlobalSection
	GlobalSection(ExtensibilityGlobals) = postSolution
		SolutionGuid = {BD05B50F-1B7F-4B20-AE2F-E68CF86B960F}
	EndGlobalSection
EndGlobal
